
Microsoft Visual Studio Solution File, Format Version 12.00
# Visual Studio Version 16
VisualStudioVersion = 16.0.31424.327
MinimumVisualStudioVersion = 10.0.40219.1
Project("{FAE04EC0-301F-11D3-BF4B-00C04F79EFBC}") = "19gr1", "19gr1\19gr1.csproj", "{EE41EB5B-1792-442A-8790-1F4EBCACC47F}"
EndProject
Global
	GlobalSection(SolutionConfigurationPlatforms) = preSolution
		Debug|Any CPU = Debug|Any CPU
		Release|Any CPU = Release|Any CPU
	EndGlobalSection
	GlobalSection(ProjectConfigurationPlatforms) = postSolution
		{EE41EB5B-1792-442A-8790-1F4EBCACC47F}.Debug|Any CPU.ActiveCfg = Debug|Any CPU
		{EE41EB5B-1792-442A-8790-1F4EBCACC47F}.Debug|Any CPU.Build.0 = Debug|Any CPU
		{EE41EB5B-1792-442A-8790-1F4EBCACC47F}.Release|Any CPU.ActiveCfg = Release|Any CPU
		{EE41EB5B-1792-442A-8790-1F4EBCACC47F}.Release|Any CPU.Build.0 = Release|Any CPU
	EndGlobalSection
	GlobalSection(SolutionProperties) = preSolution
		HideSolutionNode = FALSE
	EndGlobalSection
	GlobalSection(ExtensibilityGlobals) = postSolution
		SolutionGuid = {0B67870B-4872-447F-A4CA-79766596DD93}
	EndGlobalSection
EndGlobal
